<?xml version="1.0" encoding="utf-8"?>
<Project ToolsVersion="4.0" xmlns="http://schemas.microsoft.com/developer/msbuild/2003">
  <ItemGroup>
    <Filter Include="Source Files">
      <UniqueIdentifier>{4FC737F1-C7A5-4376-A066-2A32D752A2FF}</UniqueIdentifier>
      <Extensions>cpp;c;cc;cxx;def;odl;idl;hpj;bat;asm;asmx</Extensions>
    </Filter>
    <Filter Include="Header Files">
      <UniqueIdentifier>{93995380-89BD-4b04-88EB-625FBE52EBFB}</UniqueIdentifier>
      <Extensions>h;hh;hpp;hxx;hm;inl;inc;xsd</Extensions>
    </Filter>
    <Filter Include="Resource Files">
      <UniqueIdentifier>{67DA6AB6-F800-4c08-8B7A-83BB121AAD01}</UniqueIdentifier>
      <Extensions>rc;ico;cur;bmp;dlg;rc2;rct;bin;rgs;gif;jpg;jpeg;jpe;resx;tiff;tif;png;wav</Extensions>
    </Filter>
  </ItemGroup>
  <ItemGroup>
    <ClCompile Include="src\cli\main.c">
      <Filter>Source Files</Filter>
    </ClCompile>
    <ClCompile Include="src\decompiler\decompiler.c">
      <Filter>Source Files</Filter>
    </ClCompile>
    <ClCompile Include="src\decompiler\functions.c">
      <Filter>Source Files</Filter>
    </ClCompile>
    <ClCompile Include="src\disassembler\disassembler.c">
      <Filter>Source Files</Filter>
    </ClCompile>
    <ClCompile Include="src\disassembler\opcodes.c">
      <Filter>Source Files</Filter>
    </ClCompile>
    <ClCompile Include="src\disassembler\registers.c">
      <Filter>Source Files</Filter>
    </ClCompile>
    <ClCompile Include="src\elf-handler\elfHandler.c">
      <Filter>Source Files</Filter>
    </ClCompile>
    <ClCompile Include="src\gui\dataViewerMenu.cpp">
      <Filter>Source Files</Filter>
    </ClCompile>
    <ClCompile Include="src\gui\disassembleBytesMenu.cpp">
      <Filter>Source Files</Filter>
    </ClCompile>
    <ClCompile Include="src\gui\guiUtils.cpp">
      <Filter>Source Files</Filter>
    </ClCompile>
    <ClCompile Include="src\gui\initApp.cpp">
      <Filter>Source Files</Filter>
    </ClCompile>
    <ClCompile Include="src\gui\mainGui.cpp">
      <Filter>Source Files</Filter>
    </ClCompile>
    <ClCompile Include="src\pe-handler\peHandler.c">
      <Filter>Source Files</Filter>
    </ClCompile>
    <ClCompile Include="src\decompiler\conditions.c">
      <Filter>Source Files</Filter>
    </ClCompile>
    <ClCompile Include="src\decompiler\expressions.c">
      <Filter>Source Files</Filter>
    </ClCompile>
    <ClCompile Include="src\decompiler\dataTypes.c">
      <Filter>Source Files</Filter>
    </ClCompile>
    <ClCompile Include="src\decompiler\decompilationUtils.c">
      <Filter>Source Files</Filter>
    </ClCompile>
    <ClCompile Include="src\decompiler\functionCalls.c">
      <Filter>Source Files</Filter>
    </ClCompile>
    <ClCompile Include="src\decompiler\assignment.c">
      <Filter>Source Files</Filter>
    </ClCompile>
    <ClCompile Include="src\file-handler\fileHandler.c">
      <Filter>Source Files</Filter>
    </ClCompile>
  </ItemGroup>
  <ItemGroup>
    <ClInclude Include="src\decompiler\decompiler.h">
      <Filter>Header Files</Filter>
    </ClInclude>
    <ClInclude Include="src\decompiler\functions.h">
      <Filter>Header Files</Filter>
    </ClInclude>
    <ClInclude Include="src\disassembler\disassembler.h">
      <Filter>Header Files</Filter>
    </ClInclude>
    <ClInclude Include="src\disassembler\escapeOpcodeMaps.h">
      <Filter>Header Files</Filter>
    </ClInclude>
    <ClInclude Include="src\disassembler\extendedOpcodeMap.h">
      <Filter>Header Files</Filter>
    </ClInclude>
    <ClInclude Include="src\disassembler\oneByteOpcodeMap.h">
      <Filter>Header Files</Filter>
    </ClInclude>
    <ClInclude Include="src\disassembler\opcodes.h">
      <Filter>Header Files</Filter>
    </ClInclude>
    <ClInclude Include="src\disassembler\registers.h">
      <Filter>Header Files</Filter>
    </ClInclude>
    <ClInclude Include="src\disassembler\twoByteOpcodeMap.h">
      <Filter>Header Files</Filter>
    </ClInclude>
    <ClInclude Include="src\elf-handler\elfHandler.h">
      <Filter>Header Files</Filter>
    </ClInclude>
    <ClInclude Include="src\gui\dataViewerMenu.h">
      <Filter>Header Files</Filter>
    </ClInclude>
    <ClInclude Include="src\gui\disassembleBytesMenu.h">
      <Filter>Header Files</Filter>
    </ClInclude>
    <ClInclude Include="src\gui\guiUtils.h">
      <Filter>Header Files</Filter>
    </ClInclude>
    <ClInclude Include="src\gui\initApp.h">
      <Filter>Header Files</Filter>
    </ClInclude>
    <ClInclude Include="src\gui\mainGui.h">
      <Filter>Header Files</Filter>
    </ClInclude>
    <ClInclude Include="src\pe-handler\peHandler.h">
      <Filter>Header Files</Filter>
    </ClInclude>
    <ClInclude Include="src\decompiler\conditions.h">
      <Filter>Header Files</Filter>
    </ClInclude>
    <ClInclude Include="src\importedFunctions.h">
      <Filter>Header Files</Filter>
    </ClInclude>
    <ClInclude Include="src\decompiler\dataTypes.h">
      <Filter>Header Files</Filter>
    </ClInclude>
    <ClInclude Include="src\decompiler\expressions.h">
      <Filter>Header Files</Filter>
    </ClInclude>
    <ClInclude Include="src\decompiler\decompilationUtils.h">
      <Filter>Header Files</Filter>
    </ClInclude>
    <ClInclude Include="src\decompiler\functionCalls.h">
      <Filter>Header Files</Filter>
    </ClInclude>
    <ClInclude Include="src\decompiler\assignment.h">
      <Filter>Header Files</Filter>
    </ClInclude>
    <ClInclude Include="src\file-handler\fileHandler.h">
      <Filter>Header Files</Filter>
    </ClInclude>
  </ItemGroup>
</Project>