<?xml version="1.0" encoding="utf-8"?>
<Project ToolsVersion="4.0" xmlns="http://schemas.microsoft.com/developer/msbuild/2003">
  <ItemGroup>
    <Filter Include="Source Files">
      <UniqueIdentifier>{4FC737F1-C7A5-4376-A066-2A32D752A2FF}</UniqueIdentifier>
      <Extensions>cpp;c;cc;cxx;c++;cppm;ixx;def;odl;idl;hpj;bat;asm;asmx</Extensions>
    </Filter>
    <Filter Include="Header Files">
      <UniqueIdentifier>{93995380-89BD-4b04-88EB-625FBE52EBFB}</UniqueIdentifier>
      <Extensions>h;hh;hpp;hxx;h++;hm;inl;inc;ipp;xsd</Extensions>
    </Filter>
    <Filter Include="Resource Files">
      <UniqueIdentifier>{67DA6AB6-F800-4c08-8B7A-83BB121AAD01}</UniqueIdentifier>
      <Extensions>rc;ico;cur;bmp;dlg;rc2;rct;bin;rgs;gif;jpg;jpeg;jpe;resx;tiff;tif;png;wav;mfcribbon-ms</Extensions>
    </Filter>
    <Filter Include="Source Files\GUI">
      <UniqueIdentifier>{39f1d7f8-9459-4615-a476-e258cb04a1e7}</UniqueIdentifier>
    </Filter>
    <Filter Include="Header Files\GUI">
      <UniqueIdentifier>{13e35335-8e43-4dfe-a995-5ae73f1d4e63}</UniqueIdentifier>
    </Filter>
    <Filter Include="Header Files\Disassembler">
      <UniqueIdentifier>{23e6fa7c-a710-4ef0-9e83-d5717b155a6b}</UniqueIdentifier>
    </Filter>
    <Filter Include="Source Files\Disassembler">
      <UniqueIdentifier>{bf38417f-53df-4203-82c0-b35c9d9e6158}</UniqueIdentifier>
    </Filter>
  </ItemGroup>
  <ItemGroup>
    <ClInclude Include="Disassembler\Headers\disassembler.h">
      <Filter>Header Files</Filter>
    </ClInclude>
    <ClInclude Include="Disassembler\Headers\opcodes.h">
      <Filter>Header Files</Filter>
    </ClInclude>
    <ClInclude Include="GUI\Headers\initApp.h">
      <Filter>Header Files</Filter>
    </ClInclude>
    <ClInclude Include="GUI\Headers\mainGui.h">
      <Filter>Header Files</Filter>
    </ClInclude>
    <ClInclude Include="Disassembler\Headers\extendedOpcodes.h">
      <Filter>Header Files</Filter>
    </ClInclude>
  </ItemGroup>
  <ItemGroup>
    <ClCompile Include="Disassembler\Source\disassembler.c">
      <Filter>Source Files</Filter>
    </ClCompile>
    <ClCompile Include="GUI\Source\initApp.cpp">
      <Filter>Source Files</Filter>
    </ClCompile>
    <ClCompile Include="GUI\Source\mainGui.cpp">
      <Filter>Source Files</Filter>
    </ClCompile>
    <ClCompile Include="Disassembler\Headers\oneByteOpcodeMap.h">
      <Filter>Source Files</Filter>
    </ClCompile>
  </ItemGroup>
</Project>